// !$*UTF8*$!
{
	archiveVersion = 1;
	classes = {
	};
	objectVersion = 77;
	objects = {

/* Begin PBXContainerItemProxy section */
		C9B415512EB39E640015ED08 /* PBXContainerItemProxy */ = {
			isa = PBXContainerItemProxy;
			containerPortal = C9B4153A2EB39E620015ED08 /* Project object */;
			proxyType = 1;
			remoteGlobalIDString = C9B415412EB39E620015ED08;
			remoteInfo = "PATools Data Updater";
		};
		C9B4155B2EB39E640015ED08 /* PBXContainerItemProxy */ = {
			isa = PBXContainerItemProxy;
			containerPortal = C9B4153A2EB39E620015ED08 /* Project object */;
			proxyType = 1;
			remoteGlobalIDString = C9B415412EB39E620015ED08;
			remoteInfo = "PATools Data Updater";
		};
/* End PBXContainerItemProxy section */

/* Begin PBXFileReference section */
		C9B415422EB39E620015ED08 /* PATools Data Updater.app */ = {isa = PBXFileReference; explicitFileType = wrapper.application; includeInIndex = 0; path = "PATools Data Updater.app"; sourceTree = BUILT_PRODUCTS_DIR; };
		C9B415502EB39E640015ED08 /* PATools Data UpdaterTests.xctest */ = {isa = PBXFileReference; explicitFileType = wrapper.cfbundle; includeInIndex = 0; path = "PATools Data UpdaterTests.xctest"; sourceTree = BUILT_PRODUCTS_DIR; };
		C9B4155A2EB39E640015ED08 /* PATools Data UpdaterUITests.xctest */ = {isa = PBXFileReference; explicitFileType = wrapper.cfbundle; includeInIndex = 0; path = "PATools Data UpdaterUITests.xctest"; sourceTree = BUILT_PRODUCTS_DIR; };
/* End PBXFileReference section */

/* Begin PBXFileSystemSynchronizedRootGroup section */
		C9B415442EB39E620015ED08 /* PATools Data Updater */ = {
			isa = PBXFileSystemSynchronizedRootGroup;
			path = "PATools Data Updater";
			sourceTree = "<group>";
		};
		C9B415532EB39E640015ED08 /* PATools Data UpdaterTests */ = {
			isa = PBXFileSystemSynchronizedRootGroup;
			path = "PATools Data UpdaterTests";
			sourceTree = "<group>";
		};
		C9B4155D2EB39E640015ED08 /* PATools Data UpdaterUITests */ = {
			isa = PBXFileSystemSynchronizedRootGroup;
			path = "PATools Data UpdaterUITests";
			sourceTree = "<group>";
		};
/* End PBXFileSystemSynchronizedRootGroup section */

/* Begin PBXFrameworksBuildPhase section */
		C9B4153F2EB39E620015ED08 /* Frameworks */ = {
			isa = PBXFrameworksBuildPhase;
			buildActionMask = 2147483647;
			files = (
			);
			runOnlyForDeploymentPostprocessing = 0;
		};
		C9B4154D2EB39E640015ED08 /* Frameworks */ = {
			isa = PBXFrameworksBuildPhase;
			buildActionMask = 2147483647;
			files = (
			);
			runOnlyForDeploymentPostprocessing = 0;
		};
		C9B415572EB39E640015ED08 /* Frameworks */ = {
			isa = PBXFrameworksBuildPhase;
			buildActionMask = 2147483647;
			files = (
			);
			runOnlyForDeploymentPostprocessing = 0;
		};
/* End PBXFrameworksBuildPhase section */

/* Begin PBXGroup section */
		C9B415392EB39E620015ED08 = {
			isa = PBXGroup;
			children = (
				C9B415442EB39E620015ED08 /* PATools Data Updater */,
				C9B415532EB39E640015ED08 /* PATools Data UpdaterTests */,
				C9B4155D2EB39E640015ED08 /* PATools Data UpdaterUITests */,
				C9B415432EB39E620015ED08 /* Products */,
			);
			sourceTree = "<group>";
		};
		C9B415432EB39E620015ED08 /* Products */ = {
			isa = PBXGroup;
			children = (
				C9B415422EB39E620015ED08 /* PATools Data Updater.app */,
				C9B415502EB39E640015ED08 /* PATools Data UpdaterTests.xctest */,
				C9B4155A2EB39E640015ED08 /* PATools Data UpdaterUITests.xctest */,
			);
			name = Products;
			sourceTree = "<group>";
		};
/* End PBXGroup section */

/* Begin PBXNativeTarget section */
		C9B415412EB39E620015ED08 /* PATools Data Updater */ = {
			isa = PBXNativeTarget;
			buildConfigurationList = C9B415642EB39E640015ED08 /* Build configuration list for PBXNativeTarget "PATools Data Updater" */;
			buildPhases = (
				C9B4153E2EB39E620015ED08 /* Sources */,
				C9B4153F2EB39E620015ED08 /* Frameworks */,
				C9B415402EB39E620015ED08 /* Resources */,
			);
			buildRules = (
			);
			dependencies = (
			);
			fileSystemSynchronizedGroups = (
				C9B415442EB39E620015ED08 /* PATools Data Updater */,
			);
			name = "PATools Data Updater";
			packageProductDependencies = (
			);
			productName = "PATools Data Updater";
			productReference = C9B415422EB39E620015ED08 /* PATools Data Updater.app */;
			productType = "com.apple.product-type.application";
		};
		C9B4154F2EB39E640015ED08 /* PATools Data UpdaterTests */ = {
			isa = PBXNativeTarget;
			buildConfigurationList = C9B415672EB39E640015ED08 /* Build configuration list for PBXNativeTarget "PATools Data UpdaterTests" */;
			buildPhases = (
				C9B4154C2EB39E640015ED08 /* Sources */,
				C9B4154D2EB39E640015ED08 /* Frameworks */,
				C9B4154E2EB39E640015ED08 /* Resources */,
			);
			buildRules = (
			);
			dependencies = (
				C9B415522EB39E640015ED08 /* PBXTargetDependency */,
			);
			fileSystemSynchronizedGroups = (
				C9B415532EB39E640015ED08 /* PATools Data UpdaterTests */,
			);
			name = "PATools Data UpdaterTests";
			packageProductDependencies = (
			);
			productName = "PATools Data UpdaterTests";
			productReference = C9B415502EB39E640015ED08 /* PATools Data UpdaterTests.xctest */;
			productType = "com.apple.product-type.bundle.unit-test";
		};
		C9B415592EB39E640015ED08 /* PATools Data UpdaterUITests */ = {
			isa = PBXNativeTarget;
			buildConfigurationList = C9B4156A2EB39E640015ED08 /* Build configuration list for PBXNativeTarget "PATools Data UpdaterUITests" */;
			buildPhases = (
				C9B415562EB39E640015ED08 /* Sources */,
				C9B415572EB39E640015ED08 /* Frameworks */,
				C9B415582EB39E640015ED08 /* Resources */,
			);
			buildRules = (
			);
			dependencies = (
				C9B4155C2EB39E640015ED08 /* PBXTargetDependency */,
			);
			fileSystemSynchronizedGroups = (
				C9B4155D2EB39E640015ED08 /* PATools Data UpdaterUITests */,
			);
			name = "PATools Data UpdaterUITests";
			packageProductDependencies = (
			);
			productName = "PATools Data UpdaterUITests";
			productReference = C9B4155A2EB39E640015ED08 /* PATools Data UpdaterUITests.xctest */;
			productType = "com.apple.product-type.bundle.ui-testing";
		};
/* End PBXNativeTarget section */

/* Begin PBXProject section */
		C9B4153A2EB39E620015ED08 /* Project object */ = {
			isa = PBXProject;
			attributes = {
				BuildIndependentTargetsInParallel = 1;
				LastSwiftUpdateCheck = 1640;
				LastUpgradeCheck = 1640;
				TargetAttributes = {
					C9B415412EB39E620015ED08 = {
						CreatedOnToolsVersion = 16.4;
					};
					C9B4154F2EB39E640015ED08 = {
						CreatedOnToolsVersion = 16.4;
						TestTargetID = C9B415412EB39E620015ED08;
					};
					C9B415592EB39E640015ED08 = {
						CreatedOnToolsVersion = 16.4;
						TestTargetID = C9B415412EB39E620015ED08;
					};
				};
			};
			buildConfigurationList = C9B4153D2EB39E620015ED08 /* Build configuration list for PBXProject "PATools Data Updater" */;
			developmentRegion = en;
			hasScannedForEncodings = 0;
			knownRegions = (
				en,
				Base,
			);
			mainGroup = C9B415392EB39E620015ED08;
			minimizedProjectReferenceProxies = 1;
			preferredProjectObjectVersion = 77;
			productRefGroup = C9B415432EB39E620015ED08 /* Products */;
			projectDirPath = "";
			projectRoot = "";
			targets = (
				C9B415412EB39E620015ED08 /* PATools Data Updater */,
				C9B4154F2EB39E640015ED08 /* PATools Data UpdaterTests */,
				C9B415592EB39E640015ED08 /* PATools Data UpdaterUITests */,
			);
		};
/* End PBXProject section */

/* Begin PBXResourcesBuildPhase section */
		C9B415402EB39E620015ED08 /* Resources */ = {
			isa = PBXResourcesBuildPhase;
			buildActionMask = 2147483647;
			files = (
			);
			runOnlyForDeploymentPostprocessing = 0;
		};
		C9B4154E2EB39E640015ED08 /* Resources */ = {
			isa = PBXResourcesBuildPhase;
			buildActionMask = 2147483647;
			files = (
			);
			runOnlyForDeploymentPostprocessing = 0;
		};
		C9B415582EB39E640015ED08 /* Resources */ = {
			isa = PBXResourcesBuildPhase;
			buildActionMask = 2147483647;
			files = (
			);
			runOnlyForDeploymentPostprocessing = 0;
		};
/* End PBXResourcesBuildPhase section */

/* Begin PBXSourcesBuildPhase section */
		C9B4153E2EB39E620015ED08 /* Sources */ = {
			isa = PBXSourcesBuildPhase;
			buildActionMask = 2147483647;
			files = (
			);
			runOnlyForDeploymentPostprocessing = 0;
		};
		C9B4154C2EB39E640015ED08 /* Sources */ = {
			isa = PBXSourcesBuildPhase;
			buildActionMask = 2147483647;
			files = (
			);
			runOnlyForDeploymentPostprocessing = 0;
		};
		C9B415562EB39E640015ED08 /* Sources */ = {
			isa = PBXSourcesBuildPhase;
			buildActionMask = 2147483647;
			files = (
			);
			runOnlyForDeploymentPostprocessing = 0;
		};
/* End PBXSourcesBuildPhase section */

/* Begin PBXTargetDependency section */
		C9B415522EB39E640015ED08 /* PBXTargetDependency */ = {
			isa = PBXTargetDependency;
			target = C9B415412EB39E620015ED08 /* PATools Data Updater */;
			targetProxy = C9B415512EB39E640015ED08 /* PBXContainerItemProxy */;
		};
		C9B4155C2EB39E640015ED08 /* PBXTargetDependency */ = {
			isa = PBXTargetDependency;
			target = C9B415412EB39E620015ED08 /* PATools Data Updater */;
			targetProxy = C9B4155B2EB39E640015ED08 /* PBXContainerItemProxy */;
		};
/* End PBXTargetDependency section */

/* Begin XCBuildConfiguration section */
		C9B415622EB39E640015ED08 /* Debug */ = {
			isa = XCBuildConfiguration;
			buildSettings = {
				ALWAYS_SEARCH_USER_PATHS = NO;
				ASSETCATALOG_COMPILER_GENERATE_SWIFT_ASSET_SYMBOL_EXTENSIONS = YES;
				CLANG_ANALYZER_NONNULL = YES;
				CLANG_ANALYZER_NUMBER_OBJECT_CONVERSION = YES_AGGRESSIVE;
				CLANG_CXX_LANGUAGE_STANDARD = "gnu++20";
				CLANG_ENABLE_MODULES = YES;
				CLANG_ENABLE_OBJC_ARC = YES;
				CLANG_ENABLE_OBJC_WEAK = YES;
				CLANG_WARN_BLOCK_CAPTURE_AUTORELEASING = YES;
				CLANG_WARN_BOOL_CONVERSION = YES;
				CLANG_WARN_COMMA = YES;
				CLANG_WARN_CONSTANT_CONVERSION = YES;
				CLANG_WARN_DEPRECATED_OBJC_IMPLEMENTATIONS = YES;
				CLANG_WARN_DIRECT_OBJC_ISA_USAGE = YES_ERROR;
				CLANG_WARN_DOCUMENTATION_COMMENTS = YES;
				CLANG_WARN_EMPTY_BODY = YES;
				CLANG_WARN_ENUM_CONVERSION = YES;
				CLANG_WARN_INFINITE_RECURSION = YES;
				CLANG_WARN_INT_CONVERSION = YES;
				CLANG_WARN_NON_LITERAL_NULL_CONVERSION = YES;
				CLANG_WARN_OBJC_IMPLICIT_RETAIN_SELF = YES;
				CLANG_WARN_OBJC_LITERAL_CONVERSION = YES;
				CLANG_WARN_OBJC_ROOT_CLASS = YES_ERROR;
				CLANG_WARN_QUOTED_INCLUDE_IN_FRAMEWORK_HEADER = YES;
				CLANG_WARN_RANGE_LOOP_ANALYSIS = YES;
				CLANG_WARN_STRICT_PROTOTYPES = YES;
				CLANG_WARN_SUSPICIOUS_MOVE = YES;
				CLANG_WARN_UNGUARDED_AVAILABILITY = YES_AGGRESSIVE;
				CLANG_WARN_UNREACHABLE_CODE = YES;
				CLANG_WARN__DUPLICATE_METHOD_MATCH = YES;
				COPY_PHASE_STRIP = NO;
				DEBUG_INFORMATION_FORMAT = dwarf;
				DEVELOPMENT_TEAM = 4B43GPHYV4;
				ENABLE_STRICT_OBJC_MSGSEND = YES;
				ENABLE_TESTABILITY = YES;
				ENABLE_USER_SCRIPT_SANDBOXING = YES;
				GCC_C_LANGUAGE_STANDARD = gnu17;
				GCC_DYNAMIC_NO_PIC = NO;
				GCC_NO_COMMON_BLOCKS = YES;
				GCC_OPTIMIZATION_LEVEL = 0;
				GCC_PREPROCESSOR_DEFINITIONS = (
					"DEBUG=1",
					"$(inherited)",
				);
				GCC_WARN_64_TO_32_BIT_CONVERSION = YES;
				GCC_WARN_ABOUT_RETURN_TYPE = YES_ERROR;
				GCC_WARN_UNDECLARED_SELECTOR = YES;
				GCC_WARN_UNINITIALIZED_AUTOS = YES_AGGRESSIVE;
				GCC_WARN_UNUSED_FUNCTION = YES;
				GCC_WARN_UNUSED_VARIABLE = YES;
				LOCALIZATION_PREFERS_STRING_CATALOGS = YES;
				MACOSX_DEPLOYMENT_TARGET = 15.5;
				MTL_ENABLE_DEBUG_INFO = INCLUDE_SOURCE;
				MTL_FAST_MATH = YES;
				ONLY_ACTIVE_ARCH = YES;
				SDKROOT = macosx;
				SWIFT_ACTIVE_COMPILATION_CONDITIONS = "DEBUG $(inherited)";
				SWIFT_OPTIMIZATION_LEVEL = "-Onone";
			};
			name = Debug;
		};
		C9B415632EB39E640015ED08 /* Release */ = {
			isa = XCBuildConfiguration;
			buildSettings = {
				ALWAYS_SEARCH_USER_PATHS = NO;
				ASSETCATALOG_COMPILER_GENERATE_SWIFT_ASSET_SYMBOL_EXTENSIONS = YES;
				CLANG_ANALYZER_NONNULL = YES;
				CLANG_ANALYZER_NUMBER_OBJECT_CONVERSION = YES_AGGRESSIVE;
				CLANG_CXX_LANGUAGE_STANDARD = "gnu++20";
				CLANG_ENABLE_MODULES = YES;
				CLANG_ENABLE_OBJC_ARC = YES;
				CLANG_ENABLE_OBJC_WEAK = YES;
				CLANG_WARN_BLOCK_CAPTURE_AUTORELEASING = YES;
				CLANG_WARN_BOOL_CONVERSION = YES;
				CLANG_WARN_COMMA = YES;
				CLANG_WARN_CONSTANT_CONVERSION = YES;
				CLANG_WARN_DEPRECATED_OBJC_IMPLEMENTATIONS = YES;
				CLANG_WARN_DIRECT_OBJC_ISA_USAGE = YES_ERROR;
				CLANG_WARN_DOCUMENTATION_COMMENTS = YES;
				CLANG_WARN_EMPTY_BODY = YES;
				CLANG_WARN_ENUM_CONVERSION = YES;
				CLANG_WARN_INFINITE_RECURSION = YES;
				CLANG_WARN_INT_CONVERSION = YES;
				CLANG_WARN_NON_LITERAL_NULL_CONVERSION = YES;
				CLANG_WARN_OBJC_IMPLICIT_RETAIN_SELF = YES;
				CLANG_WARN_OBJC_LITERAL_CONVERSION = YES;
				CLANG_WARN_OBJC_ROOT_CLASS = YES_ERROR;
				CLANG_WARN_QUOTED_INCLUDE_IN_FRAMEWORK_HEADER = YES;
				CLANG_WARN_RANGE_LOOP_ANALYSIS = YES;
				CLANG_WARN_STRICT_PROTOTYPES = YES;
				CLANG_WARN_SUSPICIOUS_MOVE = YES;
				CLANG_WARN_UNGUARDED_AVAILABILITY = YES_AGGRESSIVE;
				CLANG_WARN_UNREACHABLE_CODE = YES;
				CLANG_WARN__DUPLICATE_METHOD_MATCH = YES;
				COPY_PHASE_STRIP = NO;
				DEBUG_INFORMATION_FORMAT = "dwarf-with-dsym";
				DEVELOPMENT_TEAM = 4B43GPHYV4;
				ENABLE_NS_ASSERTIONS = NO;
				ENABLE_STRICT_OBJC_MSGSEND = YES;
				ENABLE_USER_SCRIPT_SANDBOXING = YES;
				GCC_C_LANGUAGE_STANDARD = gnu17;
				GCC_NO_COMMON_BLOCKS = YES;
				GCC_WARN_64_TO_32_BIT_CONVERSION = YES;
				GCC_WARN_ABOUT_RETURN_TYPE = YES_ERROR;
				GCC_WARN_UNDECLARED_SELECTOR = YES;
				GCC_WARN_UNINITIALIZED_AUTOS = YES_AGGRESSIVE;
				GCC_WARN_UNUSED_FUNCTION = YES;
				GCC_WARN_UNUSED_VARIABLE = YES;
				LOCALIZATION_PREFERS_STRING_CATALOGS = YES;
				MACOSX_DEPLOYMENT_TARGET = 15.5;
				MTL_ENABLE_DEBUG_INFO = NO;
				MTL_FAST_MATH = YES;
				SDKROOT = macosx;
				SWIFT_COMPILATION_MODE = wholemodule;
			};
			name = Release;
		};
		C9B415652EB39E640015ED08 /* Debug */ = {
			isa = XCBuildConfiguration;
			buildSettings = {
				ASSETCATALOG_COMPILER_APPICON_NAME = AppIcon;
				ASSETCATALOG_COMPILER_GLOBAL_ACCENT_COLOR_NAME = AccentColor;
				CODE_SIGN_ENTITLEMENTS = "PATools Data Updater/PATools_Data_Updater.entitlements";
				CODE_SIGN_STYLE = Automatic;
				COMBINE_HIDPI_IMAGES = YES;
				CURRENT_PROJECT_VERSION = 1;
				DEVELOPMENT_TEAM = 4B43GPHYV4;
				ENABLE_HARDENED_RUNTIME = YES;
				ENABLE_PREVIEWS = YES;
				GENERATE_INFOPLIST_FILE = YES;
				INFOPLIST_KEY_NSHumanReadableCopyright = "";
				LD_RUNPATH_SEARCH_PATHS = (
					"$(inherited)",
					"@executable_path/../Frameworks",
				);
				MARKETING_VERSION = 1.0;
				PRODUCT_BUNDLE_IDENTIFIER = "OJ.PATools-Data-Updater";
				PRODUCT_NAME = "$(TARGET_NAME)";
				REGISTER_APP_GROUPS = YES;
				SWIFT_EMIT_LOC_STRINGS = YES;
				SWIFT_VERSION = 5.0;
			};
			name = Debug;
		};
		C9B415662EB39E640015ED08 /* Release */ = {
			isa = XCBuildConfiguration;
			buildSettings = {
				ASSETCATALOG_COMPILER_APPICON_NAME = AppIcon;
				ASSETCATALOG_COMPILER_GLOBAL_ACCENT_COLOR_NAME = AccentColor;
				CODE_SIGN_ENTITLEMENTS = "PATools Data Updater/PATools_Data_Updater.entitlements";
				CODE_SIGN_STYLE = Automatic;
				COMBINE_HIDPI_IMAGES = YES;
				CURRENT_PROJECT_VERSION = 1;
				DEVELOPMENT_TEAM = 4B43GPHYV4;
				ENABLE_HARDENED_RUNTIME = YES;
				ENABLE_PREVIEWS = YES;
				GENERATE_INFOPLIST_FILE = YES;
				INFOPLIST_KEY_NSHumanReadableCopyright = "";
				LD_RUNPATH_SEARCH_PATHS = (
					"$(inherited)",
					"@executable_path/../Frameworks",
				);
				MARKETING_VERSION = 1.0;
				PRODUCT_BUNDLE_IDENTIFIER = "OJ.PATools-Data-Updater";
				PRODUCT_NAME = "$(TARGET_NAME)";
				REGISTER_APP_GROUPS = YES;
				SWIFT_EMIT_LOC_STRINGS = YES;
				SWIFT_VERSION = 5.0;
			};
			name = Release;
		};
		C9B415682EB39E640015ED08 /* Debug */ = {
			isa = XCBuildConfiguration;
			buildSettings = {
				BUNDLE_LOADER = "$(TEST_HOST)";
				CODE_SIGN_STYLE = Automatic;
				CURRENT_PROJECT_VERSION = 1;
				DEVELOPMENT_TEAM = 4B43GPHYV4;
				GENERATE_INFOPLIST_FILE = YES;
				MACOSX_DEPLOYMENT_TARGET = 15.5;
				MARKETING_VERSION = 1.0;
				PRODUCT_BUNDLE_IDENTIFIER = "OJ.PATools-Data-UpdaterTests";
				PRODUCT_NAME = "$(TARGET_NAME)";
				SWIFT_EMIT_LOC_STRINGS = NO;
				SWIFT_VERSION = 5.0;
				TEST_HOST = "$(BUILT_PRODUCTS_DIR)/PATools Data Updater.app/$(BUNDLE_EXECUTABLE_FOLDER_PATH)/PATools Data Updater";
			};
			name = Debug;
		};
		C9B415692EB39E640015ED08 /* Release */ = {
			isa = XCBuildConfiguration;
			buildSettings = {
				BUNDLE_LOADER = "$(TEST_HOST)";
				CODE_SIGN_STYLE = Automatic;
				CURRENT_PROJECT_VERSION = 1;
				DEVELOPMENT_TEAM = 4B43GPHYV4;
				GENERATE_INFOPLIST_FILE = YES;
				MACOSX_DEPLOYMENT_TARGET = 15.5;
				MARKETING_VERSION = 1.0;
				PRODUCT_BUNDLE_IDENTIFIER = "OJ.PATools-Data-UpdaterTests";
				PRODUCT_NAME = "$(TARGET_NAME)";
				SWIFT_EMIT_LOC_STRINGS = NO;
				SWIFT_VERSION = 5.0;
				TEST_HOST = "$(BUILT_PRODUCTS_DIR)/PATools Data Updater.app/$(BUNDLE_EXECUTABLE_FOLDER_PATH)/PATools Data Updater";
			};
			name = Release;
		};
		C9B4156B2EB39E640015ED08 /* Debug */ = {
			isa = XCBuildConfiguration;
			buildSettings = {
				CODE_SIGN_STYLE = Automatic;
				CURRENT_PROJECT_VERSION = 1;
				DEVELOPMENT_TEAM = 4B43GPHYV4;
				GENERATE_INFOPLIST_FILE = YES;
				MARKETING_VERSION = 1.0;
				PRODUCT_BUNDLE_IDENTIFIER = "OJ.PATools-Data-UpdaterUITests";
				PRODUCT_NAME = "$(TARGET_NAME)";
				SWIFT_EMIT_LOC_STRINGS = NO;
				SWIFT_VERSION = 5.0;
				TEST_TARGET_NAME = "PATools Data Updater";
			};
			name = Debug;
		};
		C9B4156C2EB39E640015ED08 /* Release */ = {
			isa = XCBuildConfiguration;
			buildSettings = {
				CODE_SIGN_STYLE = Automatic;
				CURRENT_PROJECT_VERSION = 1;
				DEVELOPMENT_TEAM = 4B43GPHYV4;
				GENERATE_INFOPLIST_FILE = YES;
				MARKETING_VERSION = 1.0;
				PRODUCT_BUNDLE_IDENTIFIER = "OJ.PATools-Data-UpdaterUITests";
				PRODUCT_NAME = "$(TARGET_NAME)";
				SWIFT_EMIT_LOC_STRINGS = NO;
				SWIFT_VERSION = 5.0;
				TEST_TARGET_NAME = "PATools Data Updater";
			};
			name = Release;
		};
/* End XCBuildConfiguration section */

/* Begin XCConfigurationList section */
		C9B4153D2EB39E620015ED08 /* Build configuration list for PBXProject "PATools Data Updater" */ = {
			isa = XCConfigurationList;
			buildConfigurations = (
				C9B415622EB39E640015ED08 /* Debug */,
				C9B415632EB39E640015ED08 /* Release */,
			);
			defaultConfigurationIsVisible = 0;
			defaultConfigurationName = Release;
		};
		C9B415642EB39E640015ED08 /* Build configuration list for PBXNativeTarget "PATools Data Updater" */ = {
			isa = XCConfigurationList;
			buildConfigurations = (
				C9B415652EB39E640015ED08 /* Debug */,
				C9B415662EB39E640015ED08 /* Release */,
			);
			defaultConfigurationIsVisible = 0;
			defaultConfigurationName = Release;
		};
		C9B415672EB39E640015ED08 /* Build configuration list for PBXNativeTarget "PATools Data UpdaterTests" */ = {
			isa = XCConfigurationList;
			buildConfigurations = (
				C9B415682EB39E640015ED08 /* Debug */,
				C9B415692EB39E640015ED08 /* Release */,
			);
			defaultConfigurationIsVisible = 0;
			defaultConfigurationName = Release;
		};
		C9B4156A2EB39E640015ED08 /* Build configuration list for PBXNativeTarget "PATools Data UpdaterUITests" */ = {
			isa = XCConfigurationList;
			buildConfigurations = (
				C9B4156B2EB39E640015ED08 /* Debug */,
				C9B4156C2EB39E640015ED08 /* Release */,
			);
			defaultConfigurationIsVisible = 0;
			defaultConfigurationName = Release;
		};
/* End XCConfigurationList section */
	};
	rootObject = C9B4153A2EB39E620015ED08 /* Project object */;
}
